// !$*UTF8*$!
{
	archiveVersion = 1;
	classes = {
	};
	objectVersion = 46;
	objects = {

/* Begin PBXBuildFile section */
		661CF1891A73CCCB002FD5E9 /* main.m in Sources */ = {isa = PBXBuildFile; fileRef = 661CF1881A73CCCB002FD5E9 /* main.m */; };
		661CF18C1A73CCCB002FD5E9 /* AppDelegate.m in Sources */ = {isa = PBXBuildFile; fileRef = 661CF18B1A73CCCB002FD5E9 /* AppDelegate.m */; };
		661CF18F1A73CCCB002FD5E9 /* ViewController.m in Sources */ = {isa = PBXBuildFile; fileRef = 661CF18E1A73CCCB002FD5E9 /* ViewController.m */; };
		661CF1921A73CCCB002FD5E9 /* Main.storyboard in Resources */ = {isa = PBXBuildFile; fileRef = 661CF1901A73CCCB002FD5E9 /* Main.storyboard */; };
		661CF1941A73CCCB002FD5E9 /* Images.xcassets in Resources */ = {isa = PBXBuildFile; fileRef = 661CF1931A73CCCB002FD5E9 /* Images.xcassets */; };
		661CF1971A73CCCB002FD5E9 /* LaunchScreen.xib in Resources */ = {isa = PBXBuildFile; fileRef = 661CF1951A73CCCB002FD5E9 /* LaunchScreen.xib */; };
		661CF1A31A73CCCB002FD5E9 /* BounceTests.m in Sources */ = {isa = PBXBuildFile; fileRef = 661CF1A21A73CCCB002FD5E9 /* BounceTests.m */; };
		661CF1AE1A73D2EE002FD5E9 /* BounceView.m in Sources */ = {isa = PBXBuildFile; fileRef = 661CF1AD1A73D2EE002FD5E9 /* BounceView.m */; };
		662A19231A74E9BB0036E08D /* QuartzCore.framework in Frameworks */ = {isa = PBXBuildFile; fileRef = 662A19221A74E9BB0036E08D /* QuartzCore.framework */; };
/* End PBXBuildFile section */

/* Begin PBXContainerItemProxy section */
		661CF19D1A73CCCB002FD5E9 /* PBXContainerItemProxy */ = {
			isa = PBXContainerItemProxy;
			containerPortal = 661CF17B1A73CCCB002FD5E9 /* Project object */;
			proxyType = 1;
			remoteGlobalIDString = 661CF1821A73CCCB002FD5E9;
			remoteInfo = Bounce;
		};
/* End PBXContainerItemProxy section */

/* Begin PBXFileReference section */
		661CF1831A73CCCB002FD5E9 /* Bounce.app */ = {isa = PBXFileReference; explicitFileType = wrapper.application; includeInIndex = 0; path = Bounce.app; sourceTree = BUILT_PRODUCTS_DIR; };
		661CF1871A73CCCB002FD5E9 /* Info.plist */ = {isa = PBXFileReference; lastKnownFileType = text.plist.xml; path = Info.plist; sourceTree = "<group>"; };
		661CF1881A73CCCB002FD5E9 /* main.m */ = {isa = PBXFileReference; lastKnownFileType = sourcecode.c.objc; path = main.m; sourceTree = "<group>"; };
		661CF18A1A73CCCB002FD5E9 /* AppDelegate.h */ = {isa = PBXFileReference; lastKnownFileType = sourcecode.c.h; path = AppDelegate.h; sourceTree = "<group>"; };
		661CF18B1A73CCCB002FD5E9 /* AppDelegate.m */ = {isa = PBXFileReference; lastKnownFileType = sourcecode.c.objc; path = AppDelegate.m; sourceTree = "<group>"; };
		661CF18D1A73CCCB002FD5E9 /* ViewController.h */ = {isa = PBXFileReference; lastKnownFileType = sourcecode.c.h; path = ViewController.h; sourceTree = "<group>"; };
		661CF18E1A73CCCB002FD5E9 /* ViewController.m */ = {isa = PBXFileReference; lastKnownFileType = sourcecode.c.objc; path = ViewController.m; sourceTree = "<group>"; };
		661CF1911A73CCCB002FD5E9 /* Base */ = {isa = PBXFileReference; lastKnownFileType = file.storyboard; name = Base; path = Base.lproj/Main.storyboard; sourceTree = "<group>"; };
		661CF1931A73CCCB002FD5E9 /* Images.xcassets */ = {isa = PBXFileReference; lastKnownFileType = folder.assetcatalog; path = Images.xcassets; sourceTree = "<group>"; };
		661CF1961A73CCCB002FD5E9 /* Base */ = {isa = PBXFileReference; lastKnownFileType = file.xib; name = Base; path = Base.lproj/LaunchScreen.xib; sourceTree = "<group>"; };
		661CF19C1A73CCCB002FD5E9 /* BounceTests.xctest */ = {isa = PBXFileReference; explicitFileType = wrapper.cfbundle; includeInIndex = 0; path = BounceTests.xctest; sourceTree = BUILT_PRODUCTS_DIR; };
		661CF1A11A73CCCB002FD5E9 /* Info.plist */ = {isa = PBXFileReference; lastKnownFileType = text.plist.xml; path = Info.plist; sourceTree = "<group>"; };
		661CF1A21A73CCCB002FD5E9 /* BounceTests.m */ = {isa = PBXFileReference; lastKnownFileType = sourcecode.c.objc; path = BounceTests.m; sourceTree = "<group>"; };
		661CF1AC1A73D2EE002FD5E9 /* BounceView.h */ = {isa = PBXFileReference; fileEncoding = 4; lastKnownFileType = sourcecode.c.h; path = BounceView.h; sourceTree = "<group>"; };
		661CF1AD1A73D2EE002FD5E9 /* BounceView.m */ = {isa = PBXFileReference; fileEncoding = 4; lastKnownFileType = sourcecode.c.objc; path = BounceView.m; sourceTree = "<group>"; };
		662A19221A74E9BB0036E08D /* QuartzCore.framework */ = {isa = PBXFileReference; lastKnownFileType = wrapper.framework; name = QuartzCore.framework; path = System/Library/Frameworks/QuartzCore.framework; sourceTree = SDKROOT; };
/* End PBXFileReference section */

/* Begin PBXFrameworksBuildPhase section */
		661CF1801A73CCCB002FD5E9 /* Frameworks */ = {
			isa = PBXFrameworksBuildPhase;
			buildActionMask = 2147483647;
			files = (
				662A19231A74E9BB0036E08D /* QuartzCore.framework in Frameworks */,
			);
			runOnlyForDeploymentPostprocessing = 0;
		};
		661CF1991A73CCCB002FD5E9 /* Frameworks */ = {
			isa = PBXFrameworksBuildPhase;
			buildActionMask = 2147483647;
			files = (
			);
			runOnlyForDeploymentPostprocessing = 0;
		};
/* End PBXFrameworksBuildPhase section */

/* Begin PBXGroup section */
		661CF17A1A73CCCA002FD5E9 = {
			isa = PBXGroup;
			children = (
				662A19221A74E9BB0036E08D /* QuartzCore.framework */,
				661CF1AC1A73D2EE002FD5E9 /* BounceView.h */,
				661CF1AD1A73D2EE002FD5E9 /* BounceView.m */,
				661CF1851A73CCCB002FD5E9 /* Bounce */,
				661CF19F1A73CCCB002FD5E9 /* BounceTests */,
				661CF1841A73CCCB002FD5E9 /* Products */,
			);
			sourceTree = "<group>";
		};
		661CF1841A73CCCB002FD5E9 /* Products */ = {
			isa = PBXGroup;
			children = (
				661CF1831A73CCCB002FD5E9 /* Bounce.app */,
				661CF19C1A73CCCB002FD5E9 /* BounceTests.xctest */,
			);
			name = Products;
			sourceTree = "<group>";
		};
		661CF1851A73CCCB002FD5E9 /* Bounce */ = {
			isa = PBXGroup;
			children = (
				661CF18A1A73CCCB002FD5E9 /* AppDelegate.h */,
				661CF18B1A73CCCB002FD5E9 /* AppDelegate.m */,
				661CF18D1A73CCCB002FD5E9 /* ViewController.h */,
				661CF18E1A73CCCB002FD5E9 /* ViewController.m */,
				661CF1901A73CCCB002FD5E9 /* Main.storyboard */,
				661CF1931A73CCCB002FD5E9 /* Images.xcassets */,
				661CF1951A73CCCB002FD5E9 /* LaunchScreen.xib */,
				661CF1861A73CCCB002FD5E9 /* Supporting Files */,
			);
			path = Bounce;
			sourceTree = "<group>";
		};
		661CF1861A73CCCB002FD5E9 /* Supporting Files */ = {
			isa = PBXGroup;
			children = (
				661CF1871A73CCCB002FD5E9 /* Info.plist */,
				661CF1881A73CCCB002FD5E9 /* main.m */,
			);
			name = "Supporting Files";
			sourceTree = "<group>";
		};
		661CF19F1A73CCCB002FD5E9 /* BounceTests */ = {
			isa = PBXGroup;
			children = (
				661CF1A21A73CCCB002FD5E9 /* BounceTests.m */,
				661CF1A01A73CCCB002FD5E9 /* Supporting Files */,
			);
			path = BounceTests;
			sourceTree = "<group>";
		};
		661CF1A01A73CCCB002FD5E9 /* Supporting Files */ = {
			isa = PBXGroup;
			children = (
				661CF1A11A73CCCB002FD5E9 /* Info.plist */,
			);
			name = "Supporting Files";
			sourceTree = "<group>";
		};
/* End PBXGroup section */

/* Begin PBXNativeTarget section */
		661CF1821A73CCCB002FD5E9 /* Bounce */ = {
			isa = PBXNativeTarget;
			buildConfigurationList = 661CF1A61A73CCCB002FD5E9 /* Build configuration list for PBXNativeTarget "Bounce" */;
			buildPhases = (
				661CF17F1A73CCCB002FD5E9 /* Sources */,
				661CF1801A73CCCB002FD5E9 /* Frameworks */,
				661CF1811A73CCCB002FD5E9 /* Resources */,
			);
			buildRules = (
			);
			dependencies = (
			);
			name = Bounce;
			productName = Bounce;
			productReference = 661CF1831A73CCCB002FD5E9 /* Bounce.app */;
			productType = "com.apple.product-type.application";
		};
		661CF19B1A73CCCB002FD5E9 /* BounceTests */ = {
			isa = PBXNativeTarget;
			buildConfigurationList = 661CF1A91A73CCCB002FD5E9 /* Build configuration list for PBXNativeTarget "BounceTests" */;
			buildPhases = (
				661CF1981A73CCCB002FD5E9 /* Sources */,
				661CF1991A73CCCB002FD5E9 /* Frameworks */,
				661CF19A1A73CCCB002FD5E9 /* Resources */,
			);
			buildRules = (
			);
			dependencies = (
				661CF19E1A73CCCB002FD5E9 /* PBXTargetDependency */,
			);
			name = BounceTests;
			productName = BounceTests;
			productReference = 661CF19C1A73CCCB002FD5E9 /* BounceTests.xctest */;
			productType = "com.apple.product-type.bundle.unit-test";
		};
/* End PBXNativeTarget section */

/* Begin PBXProject section */
		661CF17B1A73CCCB002FD5E9 /* Project object */ = {
			isa = PBXProject;
			attributes = {
				LastUpgradeCheck = 0610;
				ORGANIZATIONNAME = Dmytro;
				TargetAttributes = {
					661CF1821A73CCCB002FD5E9 = {
						CreatedOnToolsVersion = 6.1;
					};
					661CF19B1A73CCCB002FD5E9 = {
						CreatedOnToolsVersion = 6.1;
						TestTargetID = 661CF1821A73CCCB002FD5E9;
					};
				};
			};
			buildConfigurationList = 661CF17E1A73CCCB002FD5E9 /* Build configuration list for PBXProject "Bounce" */;
			compatibilityVersion = "Xcode 3.2";
			developmentRegion = English;
			hasScannedForEncodings = 0;
			knownRegions = (
				en,
				Base,
			);
			mainGroup = 661CF17A1A73CCCA002FD5E9;
			productRefGroup = 661CF1841A73CCCB002FD5E9 /* Products */;
			projectDirPath = "";
			projectRoot = "";
			targets = (
				661CF1821A73CCCB002FD5E9 /* Bounce */,
				661CF19B1A73CCCB002FD5E9 /* BounceTests */,
			);
		};
/* End PBXProject section */

/* Begin PBXResourcesBuildPhase section */
		661CF1811A73CCCB002FD5E9 /* Resources */ = {
			isa = PBXResourcesBuildPhase;
			buildActionMask = 2147483647;
			files = (
				661CF1921A73CCCB002FD5E9 /* Main.storyboard in Resources */,
				661CF1971A73CCCB002FD5E9 /* LaunchScreen.xib in Resources */,
				661CF1941A73CCCB002FD5E9 /* Images.xcassets in Resources */,
			);
			runOnlyForDeploymentPostprocessing = 0;
		};
		661CF19A1A73CCCB002FD5E9 /* Resources */ = {
			isa = PBXResourcesBuildPhase;
			buildActionMask = 2147483647;
			files = (
			);
			runOnlyForDeploymentPostprocessing = 0;
		};
/* End PBXResourcesBuildPhase section */

/* Begin PBXSourcesBuildPhase section */
		661CF17F1A73CCCB002FD5E9 /* Sources */ = {
			isa = PBXSourcesBuildPhase;
			buildActionMask = 2147483647;
			files = (
				661CF18F1A73CCCB002FD5E9 /* ViewController.m in Sources */,
				661CF18C1A73CCCB002FD5E9 /* AppDelegate.m in Sources */,
				661CF1AE1A73D2EE002FD5E9 /* BounceView.m in Sources */,
				661CF1891A73CCCB002FD5E9 /* main.m in Sources */,
			);
			runOnlyForDeploymentPostprocessing = 0;
		};
		661CF1981A73CCCB002FD5E9 /* Sources */ = {
			isa = PBXSourcesBuildPhase;
			buildActionMask = 2147483647;
			files = (
				661CF1A31A73CCCB002FD5E9 /* BounceTests.m in Sources */,
			);
			runOnlyForDeploymentPostprocessing = 0;
		};
/* End PBXSourcesBuildPhase section */

/* Begin PBXTargetDependency section */
		661CF19E1A73CCCB002FD5E9 /* PBXTargetDependency */ = {
			isa = PBXTargetDependency;
			target = 661CF1821A73CCCB002FD5E9 /* Bounce */;
			targetProxy = 661CF19D1A73CCCB002FD5E9 /* PBXContainerItemProxy */;
		};
/* End PBXTargetDependency section */

/* Begin PBXVariantGroup section */
		661CF1901A73CCCB002FD5E9 /* Main.storyboard */ = {
			isa = PBXVariantGroup;
			children = (
				661CF1911A73CCCB002FD5E9 /* Base */,
			);
			name = Main.storyboard;
			sourceTree = "<group>";
		};
		661CF1951A73CCCB002FD5E9 /* LaunchScreen.xib */ = {
			isa = PBXVariantGroup;
			children = (
				661CF1961A73CCCB002FD5E9 /* Base */,
			);
			name = LaunchScreen.xib;
			sourceTree = "<group>";
		};
/* End PBXVariantGroup section */

/* Begin XCBuildConfiguration section */
		661CF1A41A73CCCB002FD5E9 /* Debug */ = {
			isa = XCBuildConfiguration;
			buildSettings = {
				ALWAYS_SEARCH_USER_PATHS = NO;
				CLANG_CXX_LANGUAGE_STANDARD = "gnu++0x";
				CLANG_CXX_LIBRARY = "libc++";
				CLANG_ENABLE_MODULES = YES;
				CLANG_ENABLE_OBJC_ARC = YES;
				CLANG_WARN_BOOL_CONVERSION = YES;
				CLANG_WARN_CONSTANT_CONVERSION = YES;
				CLANG_WARN_DIRECT_OBJC_ISA_USAGE = YES_ERROR;
				CLANG_WARN_EMPTY_BODY = YES;
				CLANG_WARN_ENUM_CONVERSION = YES;
				CLANG_WARN_INT_CONVERSION = YES;
				CLANG_WARN_OBJC_ROOT_CLASS = YES_ERROR;
				CLANG_WARN_UNREACHABLE_CODE = YES;
				CLANG_WARN__DUPLICATE_METHOD_MATCH = YES;
				"CODE_SIGN_IDENTITY[sdk=iphoneos*]" = "iPhone Developer";
				COPY_PHASE_STRIP = NO;
				ENABLE_STRICT_OBJC_MSGSEND = YES;
				GCC_C_LANGUAGE_STANDARD = gnu99;
				GCC_DYNAMIC_NO_PIC = NO;
				GCC_OPTIMIZATION_LEVEL = 0;
				GCC_PREPROCESSOR_DEFINITIONS = (
					"DEBUG=1",
					"$(inherited)",
				);
				GCC_SYMBOLS_PRIVATE_EXTERN = NO;
				GCC_WARN_64_TO_32_BIT_CONVERSION = YES;
				GCC_WARN_ABOUT_RETURN_TYPE = YES_ERROR;
				GCC_WARN_UNDECLARED_SELECTOR = YES;
				GCC_WARN_UNINITIALIZED_AUTOS = YES_AGGRESSIVE;
				GCC_WARN_UNUSED_FUNCTION = YES;
				GCC_WARN_UNUSED_VARIABLE = YES;
				IPHONEOS_DEPLOYMENT_TARGET = 8.1;
				MTL_ENABLE_DEBUG_INFO = YES;
				ONLY_ACTIVE_ARCH = YES;
				SDKROOT = iphoneos;
			};
			name = Debug;
		};
		661CF1A51A73CCCB002FD5E9 /* Release */ = {
			isa = XCBuildConfiguration;
			buildSettings = {
				ALWAYS_SEARCH_USER_PATHS = NO;
				CLANG_CXX_LANGUAGE_STANDARD = "gnu++0x";
				CLANG_CXX_LIBRARY = "libc++";
				CLANG_ENABLE_MODULES = YES;
				CLANG_ENABLE_OBJC_ARC = YES;
				CLANG_WARN_BOOL_CONVERSION = YES;
				CLANG_WARN_CONSTANT_CONVERSION = YES;
				CLANG_WARN_DIRECT_OBJC_ISA_USAGE = YES_ERROR;
				CLANG_WARN_EMPTY_BODY = YES;
				CLANG_WARN_ENUM_CONVERSION = YES;
				CLANG_WARN_INT_CONVERSION = YES;
				CLANG_WARN_OBJC_ROOT_CLASS = YES_ERROR;
				CLANG_WARN_UNREACHABLE_CODE = YES;
				CLANG_WARN__DUPLICATE_METHOD_MATCH = YES;
				"CODE_SIGN_IDENTITY[sdk=iphoneos*]" = "iPhone Developer";
				COPY_PHASE_STRIP = YES;
				ENABLE_NS_ASSERTIONS = NO;
				ENABLE_STRICT_OBJC_MSGSEND = YES;
				GCC_C_LANGUAGE_STANDARD = gnu99;
				GCC_WARN_64_TO_32_BIT_CONVERSION = YES;
				GCC_WARN_ABOUT_RETURN_TYPE = YES_ERROR;
				GCC_WARN_UNDECLARED_SELECTOR = YES;
				GCC_WARN_UNINITIALIZED_AUTOS = YES_AGGRESSIVE;
				GCC_WARN_UNUSED_FUNCTION = YES;
				GCC_WARN_UNUSED_VARIABLE = YES;
				IPHONEOS_DEPLOYMENT_TARGET = 8.1;
				MTL_ENABLE_DEBUG_INFO = NO;
				SDKROOT = iphoneos;
				VALIDATE_PRODUCT = YES;
			};
			name = Release;
		};
		661CF1A71A73CCCB002FD5E9 /* Debug */ = {
			isa = XCBuildConfiguration;
			buildSettings = {
				ASSETCATALOG_COMPILER_APPICON_NAME = AppIcon;
				INFOPLIST_FILE = Bounce/Info.plist;
				LD_RUNPATH_SEARCH_PATHS = "$(inherited) @executable_path/Frameworks";
				PRODUCT_NAME = "$(TARGET_NAME)";
			};
			name = Debug;
		};
		661CF1A81A73CCCB002FD5E9 /* Release */ = {
			isa = XCBuildConfiguration;
			buildSettings = {
				ASSETCATALOG_COMPILER_APPICON_NAME = AppIcon;
				INFOPLIST_FILE = Bounce/Info.plist;
				LD_RUNPATH_SEARCH_PATHS = "$(inherited) @executable_path/Frameworks";
				PRODUCT_NAME = "$(TARGET_NAME)";
			};
			name = Release;
		};
		661CF1AA1A73CCCB002FD5E9 /* Debug */ = {
			isa = XCBuildConfiguration;
			buildSettings = {
				BUNDLE_LOADER = "$(TEST_HOST)";
				FRAMEWORK_SEARCH_PATHS = (
					"$(SDKROOT)/Developer/Library/Frameworks",
					"$(inherited)",
				);
				GCC_PREPROCESSOR_DEFINITIONS = (
					"DEBUG=1",
					"$(inherited)",
				);
				INFOPLIST_FILE = BounceTests/Info.plist;
				LD_RUNPATH_SEARCH_PATHS = "$(inherited) @executable_path/Frameworks @loader_path/Frameworks";
				PRODUCT_NAME = "$(TARGET_NAME)";
				TEST_HOST = "$(BUILT_PRODUCTS_DIR)/Bounce.app/Bounce";
			};
			name = Debug;
		};
		661CF1AB1A73CCCB002FD5E9 /* Release */ = {
			isa = XCBuildConfiguration;
			buildSettings = {
				BUNDLE_LOADER = "$(TEST_HOST)";
				FRAMEWORK_SEARCH_PATHS = (
					"$(SDKROOT)/Developer/Library/Frameworks",
					"$(inherited)",
				);
				INFOPLIST_FILE = BounceTests/Info.plist;
				LD_RUNPATH_SEARCH_PATHS = "$(inherited) @executable_path/Frameworks @loader_path/Frameworks";
				PRODUCT_NAME = "$(TARGET_NAME)";
				TEST_HOST = "$(BUILT_PRODUCTS_DIR)/Bounce.app/Bounce";
			};
			name = Release;
		};
/* End XCBuildConfiguration section */

/* Begin XCConfigurationList section */
		661CF17E1A73CCCB002FD5E9 /* Build configuration list for PBXProject "Bounce" */ = {
			isa = XCConfigurationList;
			buildConfigurations = (
				661CF1A41A73CCCB002FD5E9 /* Debug */,
				661CF1A51A73CCCB002FD5E9 /* Release */,
			);
			defaultConfigurationIsVisible = 0;
			defaultConfigurationName = Release;
		};
		661CF1A61A73CCCB002FD5E9 /* Build configuration list for PBXNativeTarget "Bounce" */ = {
			isa = XCConfigurationList;
			buildConfigurations = (
				661CF1A71A73CCCB002FD5E9 /* Debug */,
				661CF1A81A73CCCB002FD5E9 /* Release */,
			);
			defaultConfigurationIsVisible = 0;
			defaultConfigurationName = Release;
		};
		661CF1A91A73CCCB002FD5E9 /* Build configuration list for PBXNativeTarget "BounceTests" */ = {
			isa = XCConfigurationList;
			buildConfigurations = (
				661CF1AA1A73CCCB002FD5E9 /* Debug */,
				661CF1AB1A73CCCB002FD5E9 /* Release */,
			);
			defaultConfigurationIsVisible = 0;
			defaultConfigurationName = Release;
		};
/* End XCConfigurationList section */
	};
	rootObject = 661CF17B1A73CCCB002FD5E9 /* Project object */;
}
